
Microsoft Visual Studio Solution File, Format Version 12.00
# Visual Studio Version 17
VisualStudioVersion = 17.5.33516.290
MinimumVisualStudioVersion = 10.0.40219.1
Project("{FAE04EC0-301F-11D3-BF4B-00C04F79EFBC}") = "HighscoresApp", "HighscoresApp.csproj", "{0FB2BBD4-CEDB-439D-819B-F3360A2A0C81}"
EndProject
Global
	GlobalSection(SolutionConfigurationPlatforms) = preSolution
		Debug|Any CPU = Debug|Any CPU
		Release|Any CPU = Release|Any CPU
	EndGlobalSection
	GlobalSection(ProjectConfigurationPlatforms) = postSolution
		{0FB2BBD4-CEDB-439D-819B-F3360A2A0C81}.Debug|Any CPU.ActiveCfg = Debug|Any CPU
		{0FB2BBD4-CEDB-439D-819B-F3360A2A0C81}.Debug|Any CPU.Build.0 = Debug|Any CPU
		{0FB2BBD4-CEDB-439D-819B-F3360A2A0C81}.Release|Any CPU.ActiveCfg = Release|Any CPU
		{0FB2BBD4-CEDB-439D-819B-F3360A2A0C81}.Release|Any CPU.Build.0 = Release|Any CPU
	EndGlobalSection
	GlobalSection(SolutionProperties) = preSolution
		HideSolutionNode = FALSE
	EndGlobalSection
	GlobalSection(ExtensibilityGlobals) = postSolution
		SolutionGuid = {C5F62758-8A99-407E-B3D1-F5338B1C0555}
	EndGlobalSection
EndGlobal
